
Microsoft Visual Studio Solution File, Format Version 12.00
# Visual Studio Version 16
VisualStudioVersion = 16.0.29613.14
MinimumVisualStudioVersion = 10.0.40219.1
Project("{FAE04EC0-301F-11D3-BF4B-00C04F79EFBC}") = "WpfTennis", "WpfTennis\WpfTennis.csproj", "{F6202924-13D1-4C93-8C18-08DADDC4DA8C}"
EndProject
Project("{FAE04EC0-301F-11D3-BF4B-00C04F79EFBC}") = "Tennis_Projet", "Tennis_Projet\Tennis_Projet.csproj", "{90D8B378-159B-4BFE-9E83-84212D7253D7}"
EndProject
Project("{FAE04EC0-301F-11D3-BF4B-00C04F79EFBC}") = "UnitTestTennis", "UnitTestTennis\UnitTestTennis.csproj", "{D7F81E97-3CB3-4704-A3A2-75E972831952}"
EndProject
Global
	GlobalSection(SolutionConfigurationPlatforms) = preSolution
		Debug|Any CPU = Debug|Any CPU
		Release|Any CPU = Release|Any CPU
	EndGlobalSection
	GlobalSection(ProjectConfigurationPlatforms) = postSolution
		{F6202924-13D1-4C93-8C18-08DADDC4DA8C}.Debug|Any CPU.ActiveCfg = Debug|Any CPU
		{F6202924-13D1-4C93-8C18-08DADDC4DA8C}.Debug|Any CPU.Build.0 = Debug|Any CPU
		{F6202924-13D1-4C93-8C18-08DADDC4DA8C}.Release|Any CPU.ActiveCfg = Release|Any CPU
		{F6202924-13D1-4C93-8C18-08DADDC4DA8C}.Release|Any CPU.Build.0 = Release|Any CPU
		{90D8B378-159B-4BFE-9E83-84212D7253D7}.Debug|Any CPU.ActiveCfg = Debug|Any CPU
		{90D8B378-159B-4BFE-9E83-84212D7253D7}.Debug|Any CPU.Build.0 = Debug|Any CPU
		{90D8B378-159B-4BFE-9E83-84212D7253D7}.Release|Any CPU.ActiveCfg = Release|Any CPU
		{90D8B378-159B-4BFE-9E83-84212D7253D7}.Release|Any CPU.Build.0 = Release|Any CPU
		{D7F81E97-3CB3-4704-A3A2-75E972831952}.Debug|Any CPU.ActiveCfg = Debug|Any CPU
		{D7F81E97-3CB3-4704-A3A2-75E972831952}.Debug|Any CPU.Build.0 = Debug|Any CPU
		{D7F81E97-3CB3-4704-A3A2-75E972831952}.Release|Any CPU.ActiveCfg = Release|Any CPU
		{D7F81E97-3CB3-4704-A3A2-75E972831952}.Release|Any CPU.Build.0 = Release|Any CPU
	EndGlobalSection
	GlobalSection(SolutionProperties) = preSolution
		HideSolutionNode = FALSE
	EndGlobalSection
	GlobalSection(ExtensibilityGlobals) = postSolution
		SolutionGuid = {1D4D6218-38F8-4542-B21F-66ABF00ABE0F}
	EndGlobalSection
EndGlobal
